{
    "_meta": {
        "hash": {
            "sha256": "39f0907a7431c38e395d7da37ba665a9dadfe468983630c0c182afa2bf06d4fc"
        },
        "pipfile-spec": 6,
        "requires": {
            "python_version": "3.10"
        },
        "sources": [
            {
                "name": "pypi",
                "url": "https://pypi.org/simple",
                "verify_ssl": true
            }
        ]
    },
    "default": {
        "attrs": {
            "hashes": [
                "sha256:2d27e3784d7a565d36ab851fe94887c5eccd6a463168875832a1be79c82828b4",
                "sha256:626ba8234211db98e869df76230a137c4c40a12d72445c45d5f5b716f076e2fd"
            ],
            "markers": "python_version >= '2.7' and python_version not in '3.0, 3.1, 3.2, 3.3, 3.4'",
            "version": "==21.4.0"
        },
        "automat": {
            "hashes": [
                "sha256:7979803c74610e11ef0c0d68a2942b152df52da55336e0c9d58daf1831cbdf33",
                "sha256:b6feb6455337df834f6c9962d6ccf771515b7d939bca142b29c20c2376bc6111"
            ],
            "version": "==20.2.0"
        },
        "constantly": {
            "hashes": [
                "sha256:586372eb92059873e29eba4f9dec8381541b4d3834660707faf8ba59146dfc35",
                "sha256:dd2fa9d6b1a51a83f0d7dd76293d734046aa176e384bf6e33b7e44880eb37c5d"
            ],
            "version": "==15.1.0"
        },
        "hyperlink": {
            "hashes": [
                "sha256:427af957daa58bc909471c6c40f74c5450fa123dd093fc53efd2e91d2705a56b",
                "sha256:e6b14c37ecb73e89c77d78cdb4c2cc8f3fb59a885c5b3f819ff4ed80f25af1b4"
            ],
            "version": "==21.0.0"
        },
        "idna": {
            "hashes": [
                "sha256:84d9dd047ffa80596e0f246e2eab0b391788b0503584e8945f2368256d2735ff",
                "sha256:9d643ff0a55b762d5cdb124b8eaa99c66322e2157b69160bc32796e824360e6d"
            ],
            "markers": "python_version >= '3.5'",
            "version": "==3.3"
        },
        "incremental": {
            "hashes": [
                "sha256:02f5de5aff48f6b9f665d99d48bfc7ec03b6e3943210de7cfc88856d755d6f57",
                "sha256:92014aebc6a20b78a8084cdd5645eeaa7f74b8933f70fa3ada2cfbd1e3b54321"
            ],
            "version": "==21.3.0"
        },
        "ply": {
            "hashes": [
                "sha256:00c7c1aaa88358b9c765b6d3000c6eec0ba42abca5351b095321aef446081da3",
                "sha256:096f9b8350b65ebd2fd1346b12452efe5b9607f7482813ffca50c22722a807ce"
            ],
            "version": "==3.11"
        },
        "pyasn1": {
            "hashes": [
                "sha256:014c0e9976956a08139dc0712ae195324a75e142284d5f87f1a87ee1b068a359",
                "sha256:03840c999ba71680a131cfaee6fab142e1ed9bbd9c693e285cc6aca0d555e576",
                "sha256:0458773cfe65b153891ac249bcf1b5f8f320b7c2ce462151f8fa74de8934becf",
                "sha256:08c3c53b75eaa48d71cf8c710312316392ed40899cb34710d092e96745a358b7",
                "sha256:39c7e2ec30515947ff4e87fb6f456dfc6e84857d34be479c9d4a4ba4bf46aa5d",
                "sha256:5c9414dcfede6e441f7e8f81b43b34e834731003427e5b09e4e00e3172a10f00",
                "sha256:6e7545f1a61025a4e58bb336952c5061697da694db1cae97b116e9c46abcf7c8",
                "sha256:78fa6da68ed2727915c4767bb386ab32cdba863caa7dbe473eaae45f9959da86",
                "sha256:7ab8a544af125fb704feadb008c99a88805126fb525280b2270bb25cc1d78a12",
                "sha256:99fcc3c8d804d1bc6d9a099921e39d827026409a58f2a720dcdb89374ea0c776",
                "sha256:aef77c9fb94a3ac588e87841208bdec464471d9871bd5050a287cc9a475cd0ba",
                "sha256:e89bf84b5437b532b0803ba5c9a5e054d21fec423a89952a74f87fa2c9b7bce2",
                "sha256:fec3e9d8e36808a28efb59b489e4528c10ad0f480e57dcc32b4de5c9d8c9fdf3"
            ],
            "version": "==0.4.8"
        },
        "pycryptodomex": {
            "hashes": [
                "sha256:04cc393045a8f19dd110c975e30f38ed7ab3faf21ede415ea67afebd95a22380",
                "sha256:0776bfaf2c48154ab54ea45392847c1283d2fcf64e232e85565f858baedfc1fa",
                "sha256:0fadb9f7fa3150577800eef35f62a8a24b9ddf1563ff060d9bd3af22d3952c8c",
                "sha256:18e2ab4813883ae63396c0ffe50b13554b32bb69ec56f0afaf052e7a7ae0d55b",
                "sha256:191e73bc84a8064ad1874dba0ebadedd7cce4dedee998549518f2c74a003b2e1",
                "sha256:35a8f7afe1867118330e2e0e0bf759c409e28557fb1fc2fbb1c6c937297dbe9a",
                "sha256:3709f13ca3852b0b07fc04a2c03b379189232b24007c466be0f605dd4723e9d4",
                "sha256:4540904c09704b6f831059c0dfb38584acb82cb97b0125cd52688c1f1e3fffa6",
                "sha256:463119d7d22d0fc04a0f9122e9d3e6121c6648bcb12a052b51bd1eed1b996aa2",
                "sha256:46b3f05f2f7ac7841053da4e0f69616929ca3c42f238c405f6c3df7759ad2780",
                "sha256:48697790203909fab02a33226fda546604f4e2653f9d47bc5d3eb40879fa7c64",
                "sha256:5676a132169a1c1a3712edf25250722ebc8c9102aa9abd814df063ca8362454f",
                "sha256:65204412d0c6a8e3c41e21e93a5e6054a74fea501afa03046a388cf042e3377a",
                "sha256:67e1e6a92151023ccdfcfbc0afb3314ad30080793b4c27956ea06ab1fb9bcd8a",
                "sha256:6f5b6ba8aefd624834bc177a2ac292734996bb030f9d1b388e7504103b6fcddf",
                "sha256:7341f1bb2dadb0d1a0047f34c3a58208a92423cdbd3244d998e4b28df5eac0ed",
                "sha256:78d9621cf0ea35abf2d38fa2ca6d0634eab6c991a78373498ab149953787e5e5",
                "sha256:8eecdf9cdc7343001d047f951b9cc805cd68cb6cd77b20ea46af5bffc5bd3dfb",
                "sha256:94c7b60e1f52e1a87715571327baea0733708ab4723346598beca4a3b6879794",
                "sha256:996e1ba717077ce1e6d4849af7a1426f38b07b3d173b879e27d5e26d2e958beb",
                "sha256:a07a64709e366c2041cd5cfbca592b43998bf4df88f7b0ca73dca37071ccf1bd",
                "sha256:b6306403228edde6e289f626a3908a2f7f67c344e712cf7c0a508bab3ad9e381",
                "sha256:b9279adc16e4b0f590ceff581f53a80179b02cba9056010d733eb4196134a870",
                "sha256:c4cb9cb492ea7dcdf222a8d19a1d09002798ea516aeae8877245206d27326d86",
                "sha256:dd452a5af7014e866206d41751886c9b4bf379a339fdf2dbfc7dd16c0fb4f8e0",
                "sha256:e2b12968522a0358b8917fc7b28865acac002f02f4c4c6020fcb264d76bfd06d",
                "sha256:e3164a18348bd53c69b4435ebfb4ac8a4076291ffa2a70b54f0c4b80c7834b1d",
                "sha256:e47bf8776a7e15576887f04314f5228c6527b99946e6638cf2f16da56d260cab",
                "sha256:f8be976cec59b11f011f790b88aca67b4ea2bd286578d0bd3e31bcd19afcd3e4",
                "sha256:fc9bc7a9b79fe5c750fc81a307052f8daabb709bdaabb0fb18fb136b66b653b5"
            ],
            "markers": "python_version >= '2.7' and python_version not in '3.0, 3.1, 3.2, 3.3, 3.4'",
            "version": "==3.15.0"
        },
        "pysmi": {
            "hashes": [
                "sha256:13d937620529468d34d525089abbd569f3b34dd808085d34586e63fbbda40fdb",
                "sha256:2ec6ebd41aaef562695e7d0058763c6e1e8c1fbf8710804c11ef3a857fc9cad7",
                "sha256:6e8524b80c6641bb9d81319e54bb0b75f47543e7d3bc7e8f12dcda960d7359c8",
                "sha256:7203220305bab6a20e2811fca927031440d3b1f9a4a1a5a2a12c033b911dc594",
                "sha256:817c572dc8262a4b2ccff34b27e42ee55e48f74be42d22308b637aa236ce1785",
                "sha256:887f34233d284a3298f67e2e01db0af8817f358501c724f02175ae53a1f4f106",
                "sha256:9d989714a8ad40253b1adbb410067c339b4c77ecd004daa071055e200fe9a798",
                "sha256:9fb837bb5662b11cce8d44e2dfff8604b97276ff9614aa74d5a33d1cea96d627",
                "sha256:abbd70efb8cf24d6c0bc782c996cd38f0c4905714edf8d03acbaa8ccd9c74eb7",
                "sha256:bd15a15020aee8376cab5be264c26330824a8b8164ed0195bd402dd59e4e8f7c",
                "sha256:d6688b6121b71f18ca19040bfd27feca5f7a502598de953ec09a8e3f06c36a4e",
                "sha256:e4dc8155ccf2b7eaf96aef4b31f7558ce1cf41b3bb27d0cbe341b3c157531088",
                "sha256:ed44154e5d247edfad09bbe24a398cec54b6c393df2fa5103cf59ccf9278855a"
            ],
            "version": "==0.3.4"
        },
        "pysnmp": {
            "hashes": [
                "sha256:0c3dbef2f958caca96071fe5c19de43e9c1b0484ab02a0cf08b190bcee768ba9",
                "sha256:13177be8030bbc751d94b1f844cb8d8c2d62844dfd86383576e20f09864427b2",
                "sha256:396b80187e6175481982b83f87d2de28c7068937d6772b5e2679cb56853bf7d7",
                "sha256:3fa5f96a47986658564fa5c4a75b9ea617397729028f2a40b88972139a3e67f7",
                "sha256:5459b70e849eb4d14bd4c8e475fc67bfa4cd6676fc53aa2f307194319ce77602",
                "sha256:578bb1dab0e67dfc583a61f721a9f6378c51b576ed6a90b229aefd60a9f965f6",
                "sha256:5e48994f48c5800022fff5d380976d88fcd27c17f1635ea4ef1d52796b1acd08",
                "sha256:8019dba728fbb5216645e1c1bd7bccaf25e938243d5dc7e28dbcc6ac029ff8b9",
                "sha256:89ef66e511a0f770ec9bc7df8bebe6bebb3a3dc3b7394b7d408e42f92f74458b",
                "sha256:c8d8a403e45a752daefed4635044b137c4390c68ffef54307e2390d8ac9e62e4",
                "sha256:ce2f260a41a107f08264a53c74940e0ad8ae7e35d9e10f33746716ac5c028592",
                "sha256:d90946c5d7c55b1ddc03e065a99a2ed36e748dcf166ca04ee4126b8f25fc057a",
                "sha256:e41b7dbd7e54030dd99a0780728bac3335f4d95c3f28f9b8df827f6075b8ccec"
            ],
            "index": "pypi",
            "version": "==4.4.12"
        },
        "setuptools": {
            "hashes": [
                "sha256:0d33c374d41c7863419fc8f6c10bfe25b7b498aa34164d135c622e52580c6b16",
                "sha256:c04b44a57a6265fe34a4a444e965884716d34bae963119a76353434d6f18e450"
            ],
            "markers": "python_version >= '3.7'",
            "version": "==63.2.0"
        },
        "six": {
            "hashes": [
                "sha256:1e61c37477a1626458e36f7b1d82aa5c9b094fa4802892072e49de9c60c4c926",
                "sha256:8abb2f1d86890a2dfb989f9a77cfcfd3e47c2a354b01111771326f8aa26e0254"
            ],
            "markers": "python_version >= '2.7' and python_version not in '3.0, 3.1, 3.2, 3.3'",
            "version": "==1.16.0"
        },
        "twisted": {
            "hashes": [
                "sha256:a047990f57dfae1e0bd2b7df2526d4f16dcdc843774dc108b78c52f2a5f13680",
                "sha256:f9f7a91f94932477a9fc3b169d57f54f96c6e74a23d78d9ce54039a7f48928a2"
            ],
            "index": "pypi",
            "version": "==22.4.0"
        },
        "typing-extensions": {
            "hashes": [
                "sha256:25642c956049920a5aa49edcdd6ab1e06d7e5d467fc00e0506c44ac86fbfca02",
                "sha256:e6d2677a32f47fc7eb2795db1dd15c1f34eff616bcaf2cfb5e997f854fa1c4a6"
            ],
            "markers": "python_version >= '3.7'",
            "version": "==4.3.0"
        },
        "zope.interface": {
            "hashes": [
                "sha256:08f9636e99a9d5410181ba0729e0408d3d8748026ea938f3b970a0249daa8192",
                "sha256:0b465ae0962d49c68aa9733ba92a001b2a0933c317780435f00be7ecb959c702",
                "sha256:0cba8477e300d64a11a9789ed40ee8932b59f9ee05f85276dbb4b59acee5dd09",
                "sha256:0cee5187b60ed26d56eb2960136288ce91bcf61e2a9405660d271d1f122a69a4",
                "sha256:0ea1d73b7c9dcbc5080bb8aaffb776f1c68e807767069b9ccdd06f27a161914a",
                "sha256:0f91b5b948686659a8e28b728ff5e74b1be6bf40cb04704453617e5f1e945ef3",
                "sha256:15e7d1f7a6ee16572e21e3576d2012b2778cbacf75eb4b7400be37455f5ca8bf",
                "sha256:17776ecd3a1fdd2b2cd5373e5ef8b307162f581c693575ec62e7c5399d80794c",
                "sha256:194d0bcb1374ac3e1e023961610dc8f2c78a0f5f634d0c737691e215569e640d",
                "sha256:1c0e316c9add0db48a5b703833881351444398b04111188069a26a61cfb4df78",
                "sha256:205e40ccde0f37496904572035deea747390a8b7dc65146d30b96e2dd1359a83",
                "sha256:273f158fabc5ea33cbc936da0ab3d4ba80ede5351babc4f577d768e057651531",
                "sha256:2876246527c91e101184f63ccd1d716ec9c46519cc5f3d5375a3351c46467c46",
                "sha256:2c98384b254b37ce50eddd55db8d381a5c53b4c10ee66e1e7fe749824f894021",
                "sha256:2e5a26f16503be6c826abca904e45f1a44ff275fdb7e9d1b75c10671c26f8b94",
                "sha256:334701327f37c47fa628fc8b8d28c7d7730ce7daaf4bda1efb741679c2b087fc",
                "sha256:3748fac0d0f6a304e674955ab1365d515993b3a0a865e16a11ec9d86fb307f63",
                "sha256:3c02411a3b62668200910090a0dff17c0b25aaa36145082a5a6adf08fa281e54",
                "sha256:3dd4952748521205697bc2802e4afac5ed4b02909bb799ba1fe239f77fd4e117",
                "sha256:3f24df7124c323fceb53ff6168da70dbfbae1442b4f3da439cd441681f54fe25",
                "sha256:469e2407e0fe9880ac690a3666f03eb4c3c444411a5a5fddfdabc5d184a79f05",
                "sha256:4de4bc9b6d35c5af65b454d3e9bc98c50eb3960d5a3762c9438df57427134b8e",
                "sha256:5208ebd5152e040640518a77827bdfcc73773a15a33d6644015b763b9c9febc1",
                "sha256:52de7fc6c21b419078008f697fd4103dbc763288b1406b4562554bd47514c004",
                "sha256:5bb3489b4558e49ad2c5118137cfeaf59434f9737fa9c5deefc72d22c23822e2",
                "sha256:5dba5f530fec3f0988d83b78cc591b58c0b6eb8431a85edd1569a0539a8a5a0e",
                "sha256:5dd9ca406499444f4c8299f803d4a14edf7890ecc595c8b1c7115c2342cadc5f",
                "sha256:5f931a1c21dfa7a9c573ec1f50a31135ccce84e32507c54e1ea404894c5eb96f",
                "sha256:63b82bb63de7c821428d513607e84c6d97d58afd1fe2eb645030bdc185440120",
                "sha256:66c0061c91b3b9cf542131148ef7ecbecb2690d48d1612ec386de9d36766058f",
                "sha256:6f0c02cbb9691b7c91d5009108f975f8ffeab5dff8f26d62e21c493060eff2a1",
                "sha256:71aace0c42d53abe6fc7f726c5d3b60d90f3c5c055a447950ad6ea9cec2e37d9",
                "sha256:7d97a4306898b05404a0dcdc32d9709b7d8832c0c542b861d9a826301719794e",
                "sha256:7df1e1c05304f26faa49fa752a8c690126cf98b40b91d54e6e9cc3b7d6ffe8b7",
                "sha256:8270252effc60b9642b423189a2fe90eb6b59e87cbee54549db3f5562ff8d1b8",
                "sha256:867a5ad16892bf20e6c4ea2aab1971f45645ff3102ad29bd84c86027fa99997b",
                "sha256:877473e675fdcc113c138813a5dd440da0769a2d81f4d86614e5d62b69497155",
                "sha256:8892f89999ffd992208754851e5a052f6b5db70a1e3f7d54b17c5211e37a98c7",
                "sha256:9a9845c4c6bb56e508651f005c4aeb0404e518c6f000d5a1123ab077ab769f5c",
                "sha256:a1e6e96217a0f72e2b8629e271e1b280c6fa3fe6e59fa8f6701bec14e3354325",
                "sha256:a8156e6a7f5e2a0ff0c5b21d6bcb45145efece1909efcbbbf48c56f8da68221d",
                "sha256:a9506a7e80bcf6eacfff7f804c0ad5350c8c95b9010e4356a4b36f5322f09abb",
                "sha256:af310ec8335016b5e52cae60cda4a4f2a60a788cbb949a4fbea13d441aa5a09e",
                "sha256:b0297b1e05fd128d26cc2460c810d42e205d16d76799526dfa8c8ccd50e74959",
                "sha256:bf68f4b2b6683e52bec69273562df15af352e5ed25d1b6641e7efddc5951d1a7",
                "sha256:d0c1bc2fa9a7285719e5678584f6b92572a5b639d0e471bb8d4b650a1a910920",
                "sha256:d4d9d6c1a455d4babd320203b918ccc7fcbefe308615c521062bc2ba1aa4d26e",
                "sha256:db1fa631737dab9fa0b37f3979d8d2631e348c3b4e8325d6873c2541d0ae5a48",
                "sha256:dd93ea5c0c7f3e25335ab7d22a507b1dc43976e1345508f845efc573d3d779d8",
                "sha256:f44e517131a98f7a76696a7b21b164bcb85291cee106a23beccce454e1f433a4",
                "sha256:f7ee479e96f7ee350db1cf24afa5685a5899e2b34992fb99e1f7c1b0b758d263"
            ],
            "markers": "python_version >= '2.7' and python_version not in '3.0, 3.1, 3.2, 3.3, 3.4'",
            "version": "==5.4.0"
        }
    },
    "develop": {}
}
